
Microsoft Visual Studio Solution File, Format Version 12.00
# Visual Studio Version 16
VisualStudioVersion = 16.0.29215.179
MinimumVisualStudioVersion = 10.0.40219.1
Project("{FAE04EC0-301F-11D3-BF4B-00C04F79EFBC}") = "RepositoryCodes", "RepositoryCodes.csproj", "{A3E4E639-AF9C-47CD-B196-6FCDAEBF5E6B}"
EndProject
Global
	GlobalSection(SolutionConfigurationPlatforms) = preSolution
		Debug|Any CPU = Debug|Any CPU
		Release|Any CPU = Release|Any CPU
	EndGlobalSection
	GlobalSection(ProjectConfigurationPlatforms) = postSolution
		{A3E4E639-AF9C-47CD-B196-6FCDAEBF5E6B}.Debug|Any CPU.ActiveCfg = Debug|Any CPU
		{A3E4E639-AF9C-47CD-B196-6FCDAEBF5E6B}.Debug|Any CPU.Build.0 = Debug|Any CPU
		{A3E4E639-AF9C-47CD-B196-6FCDAEBF5E6B}.Release|Any CPU.ActiveCfg = Release|Any CPU
		{A3E4E639-AF9C-47CD-B196-6FCDAEBF5E6B}.Release|Any CPU.Build.0 = Release|Any CPU
	EndGlobalSection
	GlobalSection(SolutionProperties) = preSolution
		HideSolutionNode = FALSE
	EndGlobalSection
	GlobalSection(ExtensibilityGlobals) = postSolution
		SolutionGuid = {4D8791C3-6298-432A-9523-DDFF7AA8DFE7}
	EndGlobalSection
EndGlobal
